// !$*UTF8*$!
{
	archiveVersion = 1;
	classes = {
	};
	objectVersion = 46;
	objects = {

/* Begin PBXBuildFile section */
		5A0D4CB41D7C0FD800E2D3A0 /* Type.swift in Sources */ = {isa = PBXBuildFile; fileRef = 5A0D4CB31D7C0FD800E2D3A0 /* Type.swift */; };
		5A0D4CB61D7C129300E2D3A0 /* Builder.swift in Sources */ = {isa = PBXBuildFile; fileRef = 5A0D4CB51D7C129300E2D3A0 /* Builder.swift */; };
		5A0D4CB81D7C138D00E2D3A0 /* Wood.swift in Sources */ = {isa = PBXBuildFile; fileRef = 5A0D4CB71D7C138D00E2D3A0 /* Wood.swift */; };
		5A10C6751DA8D212003F2A95 /* InstrumentSpec.swift in Sources */ = {isa = PBXBuildFile; fileRef = 5A10C6741DA8D212003F2A95 /* InstrumentSpec.swift */; };
		5A10C6771DA8D421003F2A95 /* Instrument.swift in Sources */ = {isa = PBXBuildFile; fileRef = 5A10C6761DA8D421003F2A95 /* Instrument.swift */; };
		5A4299451D72DD0400A8BBC6 /* main.swift in Sources */ = {isa = PBXBuildFile; fileRef = 5A4299441D72DD0400A8BBC6 /* main.swift */; };
		5A42994C1D72DD3400A8BBC6 /* Guitar.swift in Sources */ = {isa = PBXBuildFile; fileRef = 5A42994B1D72DD3400A8BBC6 /* Guitar.swift */; };
		5A42994E1D73B7C800A8BBC6 /* Inventory.swift in Sources */ = {isa = PBXBuildFile; fileRef = 5A42994D1D73B7C800A8BBC6 /* Inventory.swift */; };
		5A7530541D854C7F00B08D0C /* GuitarSpec.swift in Sources */ = {isa = PBXBuildFile; fileRef = 5A7530531D854C7F00B08D0C /* GuitarSpec.swift */; };
/* End PBXBuildFile section */

/* Begin PBXCopyFilesBuildPhase section */
		5A42993F1D72DD0400A8BBC6 /* CopyFiles */ = {
			isa = PBXCopyFilesBuildPhase;
			buildActionMask = 2147483647;
			dstPath = /usr/share/man/man1/;
			dstSubfolderSpec = 0;
			files = (
			);
			runOnlyForDeploymentPostprocessing = 1;
		};
/* End PBXCopyFilesBuildPhase section */

/* Begin PBXFileReference section */
		5A0D4CB31D7C0FD800E2D3A0 /* Type.swift */ = {isa = PBXFileReference; fileEncoding = 4; lastKnownFileType = sourcecode.swift; path = Type.swift; sourceTree = "<group>"; };
		5A0D4CB51D7C129300E2D3A0 /* Builder.swift */ = {isa = PBXFileReference; fileEncoding = 4; lastKnownFileType = sourcecode.swift; path = Builder.swift; sourceTree = "<group>"; };
		5A0D4CB71D7C138D00E2D3A0 /* Wood.swift */ = {isa = PBXFileReference; fileEncoding = 4; lastKnownFileType = sourcecode.swift; path = Wood.swift; sourceTree = "<group>"; };
		5A10C6741DA8D212003F2A95 /* InstrumentSpec.swift */ = {isa = PBXFileReference; fileEncoding = 4; lastKnownFileType = sourcecode.swift; path = InstrumentSpec.swift; sourceTree = "<group>"; };
		5A10C6761DA8D421003F2A95 /* Instrument.swift */ = {isa = PBXFileReference; fileEncoding = 4; lastKnownFileType = sourcecode.swift; path = Instrument.swift; sourceTree = "<group>"; };
		5A4299411D72DD0400A8BBC6 /* GuitarManager */ = {isa = PBXFileReference; explicitFileType = "compiled.mach-o.executable"; includeInIndex = 0; path = GuitarManager; sourceTree = BUILT_PRODUCTS_DIR; };
		5A4299441D72DD0400A8BBC6 /* main.swift */ = {isa = PBXFileReference; lastKnownFileType = sourcecode.swift; path = main.swift; sourceTree = "<group>"; };
		5A42994B1D72DD3400A8BBC6 /* Guitar.swift */ = {isa = PBXFileReference; fileEncoding = 4; lastKnownFileType = sourcecode.swift; path = Guitar.swift; sourceTree = "<group>"; };
		5A42994D1D73B7C800A8BBC6 /* Inventory.swift */ = {isa = PBXFileReference; fileEncoding = 4; lastKnownFileType = sourcecode.swift; path = Inventory.swift; sourceTree = "<group>"; };
		5A7530531D854C7F00B08D0C /* GuitarSpec.swift */ = {isa = PBXFileReference; fileEncoding = 4; lastKnownFileType = sourcecode.swift; path = GuitarSpec.swift; sourceTree = "<group>"; };
/* End PBXFileReference section */

/* Begin PBXFrameworksBuildPhase section */
		5A42993E1D72DD0400A8BBC6 /* Frameworks */ = {
			isa = PBXFrameworksBuildPhase;
			buildActionMask = 2147483647;
			files = (
			);
			runOnlyForDeploymentPostprocessing = 0;
		};
/* End PBXFrameworksBuildPhase section */

/* Begin PBXGroup section */
		5A4299381D72DD0300A8BBC6 = {
			isa = PBXGroup;
			children = (
				5A4299431D72DD0400A8BBC6 /* GuitarManager */,
				5A4299421D72DD0400A8BBC6 /* Products */,
			);
			sourceTree = "<group>";
		};
		5A4299421D72DD0400A8BBC6 /* Products */ = {
			isa = PBXGroup;
			children = (
				5A4299411D72DD0400A8BBC6 /* GuitarManager */,
			);
			name = Products;
			sourceTree = "<group>";
		};
		5A4299431D72DD0400A8BBC6 /* GuitarManager */ = {
			isa = PBXGroup;
			children = (
				5A4299441D72DD0400A8BBC6 /* main.swift */,
				5A42994B1D72DD3400A8BBC6 /* Guitar.swift */,
				5A42994D1D73B7C800A8BBC6 /* Inventory.swift */,
				5A0D4CB31D7C0FD800E2D3A0 /* Type.swift */,
				5A0D4CB51D7C129300E2D3A0 /* Builder.swift */,
				5A0D4CB71D7C138D00E2D3A0 /* Wood.swift */,
				5A7530531D854C7F00B08D0C /* GuitarSpec.swift */,
				5A10C6741DA8D212003F2A95 /* InstrumentSpec.swift */,
				5A10C6761DA8D421003F2A95 /* Instrument.swift */,
			);
			path = GuitarManager;
			sourceTree = "<group>";
		};
/* End PBXGroup section */

/* Begin PBXNativeTarget section */
		5A4299401D72DD0400A8BBC6 /* GuitarManager */ = {
			isa = PBXNativeTarget;
			buildConfigurationList = 5A4299481D72DD0400A8BBC6 /* Build configuration list for PBXNativeTarget "GuitarManager" */;
			buildPhases = (
				5A42993D1D72DD0400A8BBC6 /* Sources */,
				5A42993E1D72DD0400A8BBC6 /* Frameworks */,
				5A42993F1D72DD0400A8BBC6 /* CopyFiles */,
			);
			buildRules = (
			);
			dependencies = (
			);
			name = GuitarManager;
			productName = GuitarManager;
			productReference = 5A4299411D72DD0400A8BBC6 /* GuitarManager */;
			productType = "com.apple.product-type.tool";
		};
/* End PBXNativeTarget section */

/* Begin PBXProject section */
		5A4299391D72DD0400A8BBC6 /* Project object */ = {
			isa = PBXProject;
			attributes = {
				LastSwiftUpdateCheck = 0800;
				LastUpgradeCheck = 0800;
				ORGANIZATIONNAME = junginsung;
				TargetAttributes = {
					5A4299401D72DD0400A8BBC6 = {
						CreatedOnToolsVersion = 8.0;
						DevelopmentTeam = 474JE68N78;
						ProvisioningStyle = Automatic;
					};
				};
			};
			buildConfigurationList = 5A42993C1D72DD0400A8BBC6 /* Build configuration list for PBXProject "GuitarManager" */;
			compatibilityVersion = "Xcode 3.2";
			developmentRegion = English;
			hasScannedForEncodings = 0;
			knownRegions = (
				en,
			);
			mainGroup = 5A4299381D72DD0300A8BBC6;
			productRefGroup = 5A4299421D72DD0400A8BBC6 /* Products */;
			projectDirPath = "";
			projectRoot = "";
			targets = (
				5A4299401D72DD0400A8BBC6 /* GuitarManager */,
			);
		};
/* End PBXProject section */

/* Begin PBXSourcesBuildPhase section */
		5A42993D1D72DD0400A8BBC6 /* Sources */ = {
			isa = PBXSourcesBuildPhase;
			buildActionMask = 2147483647;
			files = (
				5A0D4CB81D7C138D00E2D3A0 /* Wood.swift in Sources */,
				5A42994E1D73B7C800A8BBC6 /* Inventory.swift in Sources */,
				5A4299451D72DD0400A8BBC6 /* main.swift in Sources */,
				5A10C6751DA8D212003F2A95 /* InstrumentSpec.swift in Sources */,
				5A7530541D854C7F00B08D0C /* GuitarSpec.swift in Sources */,
				5A42994C1D72DD3400A8BBC6 /* Guitar.swift in Sources */,
				5A0D4CB41D7C0FD800E2D3A0 /* Type.swift in Sources */,
				5A10C6771DA8D421003F2A95 /* Instrument.swift in Sources */,
				5A0D4CB61D7C129300E2D3A0 /* Builder.swift in Sources */,
			);
			runOnlyForDeploymentPostprocessing = 0;
		};
/* End PBXSourcesBuildPhase section */

/* Begin XCBuildConfiguration section */
		5A4299461D72DD0400A8BBC6 /* Debug */ = {
			isa = XCBuildConfiguration;
			buildSettings = {
				ALWAYS_SEARCH_USER_PATHS = NO;
				CLANG_ANALYZER_NONNULL = YES;
				CLANG_CXX_LANGUAGE_STANDARD = "gnu++0x";
				CLANG_CXX_LIBRARY = "libc++";
				CLANG_ENABLE_MODULES = YES;
				CLANG_ENABLE_OBJC_ARC = YES;
				CLANG_WARN_BOOL_CONVERSION = YES;
				CLANG_WARN_CONSTANT_CONVERSION = YES;
				CLANG_WARN_DIRECT_OBJC_ISA_USAGE = YES_ERROR;
				CLANG_WARN_DOCUMENTATION_COMMENTS = YES;
				CLANG_WARN_EMPTY_BODY = YES;
				CLANG_WARN_ENUM_CONVERSION = YES;
				CLANG_WARN_INFINITE_RECURSION = YES;
				CLANG_WARN_INT_CONVERSION = YES;
				CLANG_WARN_OBJC_ROOT_CLASS = YES_ERROR;
				CLANG_WARN_SUSPICIOUS_MOVES = YES;
				CLANG_WARN_UNREACHABLE_CODE = YES;
				CLANG_WARN__DUPLICATE_METHOD_MATCH = YES;
				CODE_SIGN_IDENTITY = "-";
				COPY_PHASE_STRIP = NO;
				DEBUG_INFORMATION_FORMAT = dwarf;
				ENABLE_STRICT_OBJC_MSGSEND = YES;
				ENABLE_TESTABILITY = YES;
				GCC_C_LANGUAGE_STANDARD = gnu99;
				GCC_DYNAMIC_NO_PIC = NO;
				GCC_NO_COMMON_BLOCKS = YES;
				GCC_OPTIMIZATION_LEVEL = 0;
				GCC_PREPROCESSOR_DEFINITIONS = (
					"DEBUG=1",
					"$(inherited)",
				);
				GCC_WARN_64_TO_32_BIT_CONVERSION = YES;
				GCC_WARN_ABOUT_RETURN_TYPE = YES_ERROR;
				GCC_WARN_UNDECLARED_SELECTOR = YES;
				GCC_WARN_UNINITIALIZED_AUTOS = YES_AGGRESSIVE;
				GCC_WARN_UNUSED_FUNCTION = YES;
				GCC_WARN_UNUSED_VARIABLE = YES;
				MACOSX_DEPLOYMENT_TARGET = 10.11;
				MTL_ENABLE_DEBUG_INFO = YES;
				ONLY_ACTIVE_ARCH = YES;
				SDKROOT = macosx;
				SWIFT_OPTIMIZATION_LEVEL = "-Onone";
			};
			name = Debug;
		};
		5A4299471D72DD0400A8BBC6 /* Release */ = {
			isa = XCBuildConfiguration;
			buildSettings = {
				ALWAYS_SEARCH_USER_PATHS = NO;
				CLANG_ANALYZER_NONNULL = YES;
				CLANG_CXX_LANGUAGE_STANDARD = "gnu++0x";
				CLANG_CXX_LIBRARY = "libc++";
				CLANG_ENABLE_MODULES = YES;
				CLANG_ENABLE_OBJC_ARC = YES;
				CLANG_WARN_BOOL_CONVERSION = YES;
				CLANG_WARN_CONSTANT_CONVERSION = YES;
				CLANG_WARN_DIRECT_OBJC_ISA_USAGE = YES_ERROR;
				CLANG_WARN_DOCUMENTATION_COMMENTS = YES;
				CLANG_WARN_EMPTY_BODY = YES;
				CLANG_WARN_ENUM_CONVERSION = YES;
				CLANG_WARN_INFINITE_RECURSION = YES;
				CLANG_WARN_INT_CONVERSION = YES;
				CLANG_WARN_OBJC_ROOT_CLASS = YES_ERROR;
				CLANG_WARN_SUSPICIOUS_MOVES = YES;
				CLANG_WARN_UNREACHABLE_CODE = YES;
				CLANG_WARN__DUPLICATE_METHOD_MATCH = YES;
				CODE_SIGN_IDENTITY = "-";
				COPY_PHASE_STRIP = NO;
				DEBUG_INFORMATION_FORMAT = "dwarf-with-dsym";
				ENABLE_NS_ASSERTIONS = NO;
				ENABLE_STRICT_OBJC_MSGSEND = YES;
				GCC_C_LANGUAGE_STANDARD = gnu99;
				GCC_NO_COMMON_BLOCKS = YES;
				GCC_WARN_64_TO_32_BIT_CONVERSION = YES;
				GCC_WARN_ABOUT_RETURN_TYPE = YES_ERROR;
				GCC_WARN_UNDECLARED_SELECTOR = YES;
				GCC_WARN_UNINITIALIZED_AUTOS = YES_AGGRESSIVE;
				GCC_WARN_UNUSED_FUNCTION = YES;
				GCC_WARN_UNUSED_VARIABLE = YES;
				MACOSX_DEPLOYMENT_TARGET = 10.11;
				MTL_ENABLE_DEBUG_INFO = NO;
				SDKROOT = macosx;
			};
			name = Release;
		};
		5A4299491D72DD0400A8BBC6 /* Debug */ = {
			isa = XCBuildConfiguration;
			buildSettings = {
				DEVELOPMENT_TEAM = 474JE68N78;
				PRODUCT_NAME = "$(TARGET_NAME)";
				SWIFT_VERSION = 3.0;
			};
			name = Debug;
		};
		5A42994A1D72DD0400A8BBC6 /* Release */ = {
			isa = XCBuildConfiguration;
			buildSettings = {
				DEVELOPMENT_TEAM = 474JE68N78;
				PRODUCT_NAME = "$(TARGET_NAME)";
				SWIFT_VERSION = 3.0;
			};
			name = Release;
		};
/* End XCBuildConfiguration section */

/* Begin XCConfigurationList section */
		5A42993C1D72DD0400A8BBC6 /* Build configuration list for PBXProject "GuitarManager" */ = {
			isa = XCConfigurationList;
			buildConfigurations = (
				5A4299461D72DD0400A8BBC6 /* Debug */,
				5A4299471D72DD0400A8BBC6 /* Release */,
			);
			defaultConfigurationIsVisible = 0;
			defaultConfigurationName = Release;
		};
		5A4299481D72DD0400A8BBC6 /* Build configuration list for PBXNativeTarget "GuitarManager" */ = {
			isa = XCConfigurationList;
			buildConfigurations = (
				5A4299491D72DD0400A8BBC6 /* Debug */,
				5A42994A1D72DD0400A8BBC6 /* Release */,
			);
			defaultConfigurationIsVisible = 0;
			defaultConfigurationName = Release;
		};
/* End XCConfigurationList section */
	};
	rootObject = 5A4299391D72DD0400A8BBC6 /* Project object */;
}
